
Microsoft Visual Studio Solution File, Format Version 12.00
# Visual Studio Version 17
VisualStudioVersion = 17.9.34902.65
MinimumVisualStudioVersion = 10.0.40219.1
Project("{FAE04EC0-301F-11D3-BF4B-00C04F79EFBC}") = "Tarea1Progra3", "Tarea1Progra3.csproj", "{97B7CC5A-E763-4B22-86FB-999BDACE87B5}"
EndProject
Global
	GlobalSection(SolutionConfigurationPlatforms) = preSolution
		Debug|Any CPU = Debug|Any CPU
		Release|Any CPU = Release|Any CPU
	EndGlobalSection
	GlobalSection(ProjectConfigurationPlatforms) = postSolution
		{97B7CC5A-E763-4B22-86FB-999BDACE87B5}.Debug|Any CPU.ActiveCfg = Debug|Any CPU
		{97B7CC5A-E763-4B22-86FB-999BDACE87B5}.Debug|Any CPU.Build.0 = Debug|Any CPU
		{97B7CC5A-E763-4B22-86FB-999BDACE87B5}.Release|Any CPU.ActiveCfg = Release|Any CPU
		{97B7CC5A-E763-4B22-86FB-999BDACE87B5}.Release|Any CPU.Build.0 = Release|Any CPU
	EndGlobalSection
	GlobalSection(SolutionProperties) = preSolution
		HideSolutionNode = FALSE
	EndGlobalSection
	GlobalSection(ExtensibilityGlobals) = postSolution
		SolutionGuid = {15400E1C-AC22-45B2-BF84-EC4BA79E7258}
	EndGlobalSection
EndGlobal
